// !$*UTF8*$!
{
	archiveVersion = 1;
	classes = {
	};
	objectVersion = 50;
	objects = {

/* Begin PBXBuildFile section */
		9DC35DE2218DD5ED004ED28A /* main.cpp in Sources */ = {isa = PBXBuildFile; fileRef = 9DC35DE1218DD5ED004ED28A /* main.cpp */; };
		9DC35DEE218E3D66004ED28A /* non_abundant_sum.cpp in Sources */ = {isa = PBXBuildFile; fileRef = 9DC35DED218E3D66004ED28A /* non_abundant_sum.cpp */; };
		9DE1F2E921A4945900745EFB /* TripletsSum.cpp in Sources */ = {isa = PBXBuildFile; fileRef = 9DE1F2E721A4945900745EFB /* TripletsSum.cpp */; };
/* End PBXBuildFile section */

/* Begin PBXCopyFilesBuildPhase section */
		9DC35DDC218DD5ED004ED28A /* CopyFiles */ = {
			isa = PBXCopyFilesBuildPhase;
			buildActionMask = 2147483647;
			dstPath = /usr/share/man/man1/;
			dstSubfolderSpec = 0;
			files = (
			);
			runOnlyForDeploymentPostprocessing = 1;
		};
/* End PBXCopyFilesBuildPhase section */

/* Begin PBXFileReference section */
		9DC35DDE218DD5ED004ED28A /* project_euler_23 */ = {isa = PBXFileReference; explicitFileType = "compiled.mach-o.executable"; includeInIndex = 0; path = project_euler_23; sourceTree = BUILT_PRODUCTS_DIR; };
		9DC35DE1218DD5ED004ED28A /* main.cpp */ = {isa = PBXFileReference; lastKnownFileType = sourcecode.cpp.cpp; path = main.cpp; sourceTree = "<group>"; };
		9DC35DEC218E3D4B004ED28A /* non_abundant_sum.h */ = {isa = PBXFileReference; lastKnownFileType = sourcecode.c.h; path = non_abundant_sum.h; sourceTree = "<group>"; };
		9DC35DED218E3D66004ED28A /* non_abundant_sum.cpp */ = {isa = PBXFileReference; lastKnownFileType = sourcecode.cpp.cpp; path = non_abundant_sum.cpp; sourceTree = "<group>"; };
		9DC35DEF218E4375004ED28A /* non_abundant_sum_constants.h */ = {isa = PBXFileReference; lastKnownFileType = sourcecode.c.h; path = non_abundant_sum_constants.h; sourceTree = "<group>"; };
		9DE1F2E721A4945900745EFB /* TripletsSum.cpp */ = {isa = PBXFileReference; lastKnownFileType = sourcecode.cpp.cpp; path = TripletsSum.cpp; sourceTree = "<group>"; };
		9DE1F2E821A4945900745EFB /* TripletsSum.hpp */ = {isa = PBXFileReference; lastKnownFileType = sourcecode.cpp.h; path = TripletsSum.hpp; sourceTree = "<group>"; };
/* End PBXFileReference section */

/* Begin PBXFrameworksBuildPhase section */
		9DC35DDB218DD5ED004ED28A /* Frameworks */ = {
			isa = PBXFrameworksBuildPhase;
			buildActionMask = 2147483647;
			files = (
			);
			runOnlyForDeploymentPostprocessing = 0;
		};
/* End PBXFrameworksBuildPhase section */

/* Begin PBXGroup section */
		9DC35DD5218DD5ED004ED28A = {
			isa = PBXGroup;
			children = (
				9DE1F2E621A4943600745EFB /* TripletsSum */,
				9DC35DF3218EF8EA004ED28A /* Main */,
				9DC35DEB218E3D15004ED28A /* Lexicographic permutations */,
				9DC35DE0218DD5ED004ED28A /* Non_abundant_sums */,
				9DC35DDF218DD5ED004ED28A /* Products */,
			);
			sourceTree = "<group>";
		};
		9DC35DDF218DD5ED004ED28A /* Products */ = {
			isa = PBXGroup;
			children = (
				9DC35DDE218DD5ED004ED28A /* project_euler_23 */,
			);
			name = Products;
			sourceTree = "<group>";
		};
		9DC35DE0218DD5ED004ED28A /* Non_abundant_sums */ = {
			isa = PBXGroup;
			children = (
				9DC35DEC218E3D4B004ED28A /* non_abundant_sum.h */,
				9DC35DED218E3D66004ED28A /* non_abundant_sum.cpp */,
				9DC35DEF218E4375004ED28A /* non_abundant_sum_constants.h */,
			);
			path = Non_abundant_sums;
			sourceTree = "<group>";
			usesTabs = 1;
		};
		9DC35DEB218E3D15004ED28A /* Lexicographic permutations */ = {
			isa = PBXGroup;
			children = (
			);
			path = "Lexicographic permutations";
			sourceTree = "<group>";
		};
		9DC35DF3218EF8EA004ED28A /* Main */ = {
			isa = PBXGroup;
			children = (
				9DC35DE1218DD5ED004ED28A /* main.cpp */,
			);
			path = Main;
			sourceTree = "<group>";
		};
		9DE1F2E621A4943600745EFB /* TripletsSum */ = {
			isa = PBXGroup;
			children = (
				9DE1F2E721A4945900745EFB /* TripletsSum.cpp */,
				9DE1F2E821A4945900745EFB /* TripletsSum.hpp */,
			);
			path = TripletsSum;
			sourceTree = "<group>";
		};
/* End PBXGroup section */

/* Begin PBXNativeTarget section */
		9DC35DDD218DD5ED004ED28A /* project_euler_23 */ = {
			isa = PBXNativeTarget;
			buildConfigurationList = 9DC35DE5218DD5ED004ED28A /* Build configuration list for PBXNativeTarget "project_euler_23" */;
			buildPhases = (
				9DC35DDA218DD5ED004ED28A /* Sources */,
				9DC35DDB218DD5ED004ED28A /* Frameworks */,
				9DC35DDC218DD5ED004ED28A /* CopyFiles */,
			);
			buildRules = (
			);
			dependencies = (
			);
			name = project_euler_23;
			productName = project_euler_23;
			productReference = 9DC35DDE218DD5ED004ED28A /* project_euler_23 */;
			productType = "com.apple.product-type.tool";
		};
/* End PBXNativeTarget section */

/* Begin PBXProject section */
		9DC35DD6218DD5ED004ED28A /* Project object */ = {
			isa = PBXProject;
			attributes = {
				LastUpgradeCheck = 1010;
				ORGANIZATIONNAME = "Moussa DIAKITE";
				TargetAttributes = {
					9DC35DDD218DD5ED004ED28A = {
						CreatedOnToolsVersion = 10.1;
					};
				};
			};
			buildConfigurationList = 9DC35DD9218DD5ED004ED28A /* Build configuration list for PBXProject "project_euler_23" */;
			compatibilityVersion = "Xcode 9.3";
			developmentRegion = en;
			hasScannedForEncodings = 0;
			knownRegions = (
				en,
			);
			mainGroup = 9DC35DD5218DD5ED004ED28A;
			productRefGroup = 9DC35DDF218DD5ED004ED28A /* Products */;
			projectDirPath = "";
			projectRoot = "";
			targets = (
				9DC35DDD218DD5ED004ED28A /* project_euler_23 */,
			);
		};
/* End PBXProject section */

/* Begin PBXSourcesBuildPhase section */
		9DC35DDA218DD5ED004ED28A /* Sources */ = {
			isa = PBXSourcesBuildPhase;
			buildActionMask = 2147483647;
			files = (
				9DE1F2E921A4945900745EFB /* TripletsSum.cpp in Sources */,
				9DC35DEE218E3D66004ED28A /* non_abundant_sum.cpp in Sources */,
				9DC35DE2218DD5ED004ED28A /* main.cpp in Sources */,
			);
			runOnlyForDeploymentPostprocessing = 0;
		};
/* End PBXSourcesBuildPhase section */

/* Begin XCBuildConfiguration section */
		9DC35DE3218DD5ED004ED28A /* Debug */ = {
			isa = XCBuildConfiguration;
			buildSettings = {
				ALWAYS_SEARCH_USER_PATHS = NO;
				CLANG_ANALYZER_NONNULL = YES;
				CLANG_ANALYZER_NUMBER_OBJECT_CONVERSION = YES_AGGRESSIVE;
				CLANG_CXX_LANGUAGE_STANDARD = "gnu++14";
				CLANG_CXX_LIBRARY = "libc++";
				CLANG_ENABLE_MODULES = YES;
				CLANG_ENABLE_OBJC_ARC = YES;
				CLANG_ENABLE_OBJC_WEAK = YES;
				CLANG_WARN_BLOCK_CAPTURE_AUTORELEASING = YES;
				CLANG_WARN_BOOL_CONVERSION = YES;
				CLANG_WARN_COMMA = YES;
				CLANG_WARN_CONSTANT_CONVERSION = YES;
				CLANG_WARN_DEPRECATED_OBJC_IMPLEMENTATIONS = YES;
				CLANG_WARN_DIRECT_OBJC_ISA_USAGE = YES_ERROR;
				CLANG_WARN_DOCUMENTATION_COMMENTS = YES;
				CLANG_WARN_EMPTY_BODY = YES;
				CLANG_WARN_ENUM_CONVERSION = YES;
				CLANG_WARN_INFINITE_RECURSION = YES;
				CLANG_WARN_INT_CONVERSION = YES;
				CLANG_WARN_NON_LITERAL_NULL_CONVERSION = YES;
				CLANG_WARN_OBJC_IMPLICIT_RETAIN_SELF = YES;
				CLANG_WARN_OBJC_LITERAL_CONVERSION = YES;
				CLANG_WARN_OBJC_ROOT_CLASS = YES_ERROR;
				CLANG_WARN_RANGE_LOOP_ANALYSIS = YES;
				CLANG_WARN_STRICT_PROTOTYPES = YES;
				CLANG_WARN_SUSPICIOUS_MOVE = YES;
				CLANG_WARN_UNGUARDED_AVAILABILITY = YES_AGGRESSIVE;
				CLANG_WARN_UNREACHABLE_CODE = YES;
				CLANG_WARN__DUPLICATE_METHOD_MATCH = YES;
				CODE_SIGN_IDENTITY = "Mac Developer";
				COPY_PHASE_STRIP = NO;
				DEBUG_INFORMATION_FORMAT = dwarf;
				ENABLE_STRICT_OBJC_MSGSEND = YES;
				ENABLE_TESTABILITY = YES;
				GCC_C_LANGUAGE_STANDARD = gnu11;
				GCC_DYNAMIC_NO_PIC = NO;
				GCC_NO_COMMON_BLOCKS = YES;
				GCC_OPTIMIZATION_LEVEL = 0;
				GCC_PREPROCESSOR_DEFINITIONS = (
					"DEBUG=1",
					"$(inherited)",
				);
				GCC_WARN_64_TO_32_BIT_CONVERSION = YES;
				GCC_WARN_ABOUT_RETURN_TYPE = YES_ERROR;
				GCC_WARN_UNDECLARED_SELECTOR = YES;
				GCC_WARN_UNINITIALIZED_AUTOS = YES_AGGRESSIVE;
				GCC_WARN_UNUSED_FUNCTION = YES;
				GCC_WARN_UNUSED_VARIABLE = YES;
				MACOSX_DEPLOYMENT_TARGET = 10.13;
				MTL_ENABLE_DEBUG_INFO = INCLUDE_SOURCE;
				MTL_FAST_MATH = YES;
				ONLY_ACTIVE_ARCH = YES;
				SDKROOT = macosx;
			};
			name = Debug;
		};
		9DC35DE4218DD5ED004ED28A /* Release */ = {
			isa = XCBuildConfiguration;
			buildSettings = {
				ALWAYS_SEARCH_USER_PATHS = NO;
				CLANG_ANALYZER_NONNULL = YES;
				CLANG_ANALYZER_NUMBER_OBJECT_CONVERSION = YES_AGGRESSIVE;
				CLANG_CXX_LANGUAGE_STANDARD = "gnu++14";
				CLANG_CXX_LIBRARY = "libc++";
				CLANG_ENABLE_MODULES = YES;
				CLANG_ENABLE_OBJC_ARC = YES;
				CLANG_ENABLE_OBJC_WEAK = YES;
				CLANG_WARN_BLOCK_CAPTURE_AUTORELEASING = YES;
				CLANG_WARN_BOOL_CONVERSION = YES;
				CLANG_WARN_COMMA = YES;
				CLANG_WARN_CONSTANT_CONVERSION = YES;
				CLANG_WARN_DEPRECATED_OBJC_IMPLEMENTATIONS = YES;
				CLANG_WARN_DIRECT_OBJC_ISA_USAGE = YES_ERROR;
				CLANG_WARN_DOCUMENTATION_COMMENTS = YES;
				CLANG_WARN_EMPTY_BODY = YES;
				CLANG_WARN_ENUM_CONVERSION = YES;
				CLANG_WARN_INFINITE_RECURSION = YES;
				CLANG_WARN_INT_CONVERSION = YES;
				CLANG_WARN_NON_LITERAL_NULL_CONVERSION = YES;
				CLANG_WARN_OBJC_IMPLICIT_RETAIN_SELF = YES;
				CLANG_WARN_OBJC_LITERAL_CONVERSION = YES;
				CLANG_WARN_OBJC_ROOT_CLASS = YES_ERROR;
				CLANG_WARN_RANGE_LOOP_ANALYSIS = YES;
				CLANG_WARN_STRICT_PROTOTYPES = YES;
				CLANG_WARN_SUSPICIOUS_MOVE = YES;
				CLANG_WARN_UNGUARDED_AVAILABILITY = YES_AGGRESSIVE;
				CLANG_WARN_UNREACHABLE_CODE = YES;
				CLANG_WARN__DUPLICATE_METHOD_MATCH = YES;
				CODE_SIGN_IDENTITY = "Mac Developer";
				COPY_PHASE_STRIP = NO;
				DEBUG_INFORMATION_FORMAT = "dwarf-with-dsym";
				ENABLE_NS_ASSERTIONS = NO;
				ENABLE_STRICT_OBJC_MSGSEND = YES;
				GCC_C_LANGUAGE_STANDARD = gnu11;
				GCC_NO_COMMON_BLOCKS = YES;
				GCC_WARN_64_TO_32_BIT_CONVERSION = YES;
				GCC_WARN_ABOUT_RETURN_TYPE = YES_ERROR;
				GCC_WARN_UNDECLARED_SELECTOR = YES;
				GCC_WARN_UNINITIALIZED_AUTOS = YES_AGGRESSIVE;
				GCC_WARN_UNUSED_FUNCTION = YES;
				GCC_WARN_UNUSED_VARIABLE = YES;
				MACOSX_DEPLOYMENT_TARGET = 10.13;
				MTL_ENABLE_DEBUG_INFO = NO;
				MTL_FAST_MATH = YES;
				SDKROOT = macosx;
			};
			name = Release;
		};
		9DC35DE6218DD5ED004ED28A /* Debug */ = {
			isa = XCBuildConfiguration;
			buildSettings = {
				CODE_SIGN_IDENTITY = "-";
				CODE_SIGN_STYLE = Automatic;
				DEVELOPMENT_TEAM = 4AR6R2SCHV;
				OTHER_LDFLAGS = "-v";
				PRODUCT_NAME = "$(TARGET_NAME)";
			};
			name = Debug;
		};
		9DC35DE7218DD5ED004ED28A /* Release */ = {
			isa = XCBuildConfiguration;
			buildSettings = {
				CODE_SIGN_IDENTITY = "-";
				CODE_SIGN_STYLE = Automatic;
				DEVELOPMENT_TEAM = 4AR6R2SCHV;
				OTHER_LDFLAGS = "-v";
				PRODUCT_NAME = "$(TARGET_NAME)";
			};
			name = Release;
		};
/* End XCBuildConfiguration section */

/* Begin XCConfigurationList section */
		9DC35DD9218DD5ED004ED28A /* Build configuration list for PBXProject "project_euler_23" */ = {
			isa = XCConfigurationList;
			buildConfigurations = (
				9DC35DE3218DD5ED004ED28A /* Debug */,
				9DC35DE4218DD5ED004ED28A /* Release */,
			);
			defaultConfigurationIsVisible = 0;
			defaultConfigurationName = Release;
		};
		9DC35DE5218DD5ED004ED28A /* Build configuration list for PBXNativeTarget "project_euler_23" */ = {
			isa = XCConfigurationList;
			buildConfigurations = (
				9DC35DE6218DD5ED004ED28A /* Debug */,
				9DC35DE7218DD5ED004ED28A /* Release */,
			);
			defaultConfigurationIsVisible = 0;
			defaultConfigurationName = Release;
		};
/* End XCConfigurationList section */
	};
	rootObject = 9DC35DD6218DD5ED004ED28A /* Project object */;
}
